
Microsoft Visual Studio Solution File, Format Version 12.00
# Visual Studio Version 17
VisualStudioVersion = 17.8.34330.188
MinimumVisualStudioVersion = 10.0.40219.1
Project("{FAE04EC0-301F-11D3-BF4B-00C04F79EFBC}") = "AppBenavidesAnthonyCurdMovil.UWP", "AppBenavidesAnthonyCurdMovil.UWP\AppBenavidesAnthonyCurdMovil.UWP.csproj", "{B7996FCA-9736-4EF8-B96D-7DE7660E8073}"
EndProject
Project("{FAE04EC0-301F-11D3-BF4B-00C04F79EFBC}") = "AppBenavidesAnthonyCurdMovil.Android", "AppBenavidesAnthonyCurdMovil.Android\AppBenavidesAnthonyCurdMovil.Android.csproj", "{B5F0964A-0618-4D7E-B498-F2940D8C195C}"
EndProject
Project("{FAE04EC0-301F-11D3-BF4B-00C04F79EFBC}") = "AppBenavidesAnthonyCurdMovil.iOS", "AppBenavidesAnthonyCurdMovil.iOS\AppBenavidesAnthonyCurdMovil.iOS.csproj", "{95BB91B8-50CC-4E17-A219-B9E79E7F2737}"
EndProject
Project("{FAE04EC0-301F-11D3-BF4B-00C04F79EFBC}") = "AppBenavidesAnthonyCurdMovil", "AppBenavidesAnthonyCurdMovil\AppBenavidesAnthonyCurdMovil.csproj", "{B3EDF355-8BBE-4D4C-AF3B-6F09D60865DE}"
EndProject
Global
	GlobalSection(SolutionConfigurationPlatforms) = preSolution
		Debug|Any CPU = Debug|Any CPU
		Debug|ARM = Debug|ARM
		Debug|iPhone = Debug|iPhone
		Debug|iPhoneSimulator = Debug|iPhoneSimulator
		Debug|x64 = Debug|x64
		Debug|x86 = Debug|x86
		Release|Any CPU = Release|Any CPU
		Release|ARM = Release|ARM
		Release|iPhone = Release|iPhone
		Release|iPhoneSimulator = Release|iPhoneSimulator
		Release|x64 = Release|x64
		Release|x86 = Release|x86
	EndGlobalSection
	GlobalSection(ProjectConfigurationPlatforms) = postSolution
		{B7996FCA-9736-4EF8-B96D-7DE7660E8073}.Debug|Any CPU.ActiveCfg = Debug|x64
		{B7996FCA-9736-4EF8-B96D-7DE7660E8073}.Debug|Any CPU.Build.0 = Debug|x64
		{B7996FCA-9736-4EF8-B96D-7DE7660E8073}.Debug|Any CPU.Deploy.0 = Debug|x64
		{B7996FCA-9736-4EF8-B96D-7DE7660E8073}.Debug|ARM.ActiveCfg = Debug|ARM
		{B7996FCA-9736-4EF8-B96D-7DE7660E8073}.Debug|ARM.Build.0 = Debug|ARM
		{B7996FCA-9736-4EF8-B96D-7DE7660E8073}.Debug|ARM.Deploy.0 = Debug|ARM
		{B7996FCA-9736-4EF8-B96D-7DE7660E8073}.Debug|iPhone.ActiveCfg = Debug|x64
		{B7996FCA-9736-4EF8-B96D-7DE7660E8073}.Debug|iPhone.Build.0 = Debug|x64
		{B7996FCA-9736-4EF8-B96D-7DE7660E8073}.Debug|iPhone.Deploy.0 = Debug|x64
		{B7996FCA-9736-4EF8-B96D-7DE7660E8073}.Debug|iPhoneSimulator.ActiveCfg = Debug|x64
		{B7996FCA-9736-4EF8-B96D-7DE7660E8073}.Debug|iPhoneSimulator.Build.0 = Debug|x64
		{B7996FCA-9736-4EF8-B96D-7DE7660E8073}.Debug|iPhoneSimulator.Deploy.0 = Debug|x64
		{B7996FCA-9736-4EF8-B96D-7DE7660E8073}.Debug|x64.ActiveCfg = Debug|x64
		{B7996FCA-9736-4EF8-B96D-7DE7660E8073}.Debug|x64.Build.0 = Debug|x64
		{B7996FCA-9736-4EF8-B96D-7DE7660E8073}.Debug|x64.Deploy.0 = Debug|x64
		{B7996FCA-9736-4EF8-B96D-7DE7660E8073}.Debug|x86.ActiveCfg = Debug|x86
		{B7996FCA-9736-4EF8-B96D-7DE7660E8073}.Debug|x86.Build.0 = Debug|x86
		{B7996FCA-9736-4EF8-B96D-7DE7660E8073}.Debug|x86.Deploy.0 = Debug|x86
		{B7996FCA-9736-4EF8-B96D-7DE7660E8073}.Release|Any CPU.ActiveCfg = Release|x64
		{B7996FCA-9736-4EF8-B96D-7DE7660E8073}.Release|Any CPU.Build.0 = Release|x64
		{B7996FCA-9736-4EF8-B96D-7DE7660E8073}.Release|Any CPU.Deploy.0 = Release|x64
		{B7996FCA-9736-4EF8-B96D-7DE7660E8073}.Release|ARM.ActiveCfg = Release|ARM
		{B7996FCA-9736-4EF8-B96D-7DE7660E8073}.Release|ARM.Build.0 = Release|ARM
		{B7996FCA-9736-4EF8-B96D-7DE7660E8073}.Release|ARM.Deploy.0 = Release|ARM
		{B7996FCA-9736-4EF8-B96D-7DE7660E8073}.Release|iPhone.ActiveCfg = Release|x64
		{B7996FCA-9736-4EF8-B96D-7DE7660E8073}.Release|iPhone.Build.0 = Release|x64
		{B7996FCA-9736-4EF8-B96D-7DE7660E8073}.Release|iPhone.Deploy.0 = Release|x64
		{B7996FCA-9736-4EF8-B96D-7DE7660E8073}.Release|iPhoneSimulator.ActiveCfg = Release|x64
		{B7996FCA-9736-4EF8-B96D-7DE7660E8073}.Release|iPhoneSimulator.Build.0 = Release|x64
		{B7996FCA-9736-4EF8-B96D-7DE7660E8073}.Release|iPhoneSimulator.Deploy.0 = Release|x64
		{B7996FCA-9736-4EF8-B96D-7DE7660E8073}.Release|x64.ActiveCfg = Release|x64
		{B7996FCA-9736-4EF8-B96D-7DE7660E8073}.Release|x64.Build.0 = Release|x64
		{B7996FCA-9736-4EF8-B96D-7DE7660E8073}.Release|x64.Deploy.0 = Release|x64
		{B7996FCA-9736-4EF8-B96D-7DE7660E8073}.Release|x86.ActiveCfg = Release|x86
		{B7996FCA-9736-4EF8-B96D-7DE7660E8073}.Release|x86.Build.0 = Release|x86
		{B7996FCA-9736-4EF8-B96D-7DE7660E8073}.Release|x86.Deploy.0 = Release|x86
		{B5F0964A-0618-4D7E-B498-F2940D8C195C}.Debug|Any CPU.ActiveCfg = Debug|Any CPU
		{B5F0964A-0618-4D7E-B498-F2940D8C195C}.Debug|Any CPU.Build.0 = Debug|Any CPU
		{B5F0964A-0618-4D7E-B498-F2940D8C195C}.Debug|Any CPU.Deploy.0 = Debug|Any CPU
		{B5F0964A-0618-4D7E-B498-F2940D8C195C}.Debug|ARM.ActiveCfg = Debug|Any CPU
		{B5F0964A-0618-4D7E-B498-F2940D8C195C}.Debug|ARM.Build.0 = Debug|Any CPU
		{B5F0964A-0618-4D7E-B498-F2940D8C195C}.Debug|ARM.Deploy.0 = Debug|Any CPU
		{B5F0964A-0618-4D7E-B498-F2940D8C195C}.Debug|iPhone.ActiveCfg = Debug|Any CPU
		{B5F0964A-0618-4D7E-B498-F2940D8C195C}.Debug|iPhone.Build.0 = Debug|Any CPU
		{B5F0964A-0618-4D7E-B498-F2940D8C195C}.Debug|iPhone.Deploy.0 = Debug|Any CPU
		{B5F0964A-0618-4D7E-B498-F2940D8C195C}.Debug|iPhoneSimulator.ActiveCfg = Debug|Any CPU
		{B5F0964A-0618-4D7E-B498-F2940D8C195C}.Debug|iPhoneSimulator.Build.0 = Debug|Any CPU
		{B5F0964A-0618-4D7E-B498-F2940D8C195C}.Debug|iPhoneSimulator.Deploy.0 = Debug|Any CPU
		{B5F0964A-0618-4D7E-B498-F2940D8C195C}.Debug|x64.ActiveCfg = Debug|Any CPU
		{B5F0964A-0618-4D7E-B498-F2940D8C195C}.Debug|x64.Build.0 = Debug|Any CPU
		{B5F0964A-0618-4D7E-B498-F2940D8C195C}.Debug|x64.Deploy.0 = Debug|Any CPU
		{B5F0964A-0618-4D7E-B498-F2940D8C195C}.Debug|x86.ActiveCfg = Debug|Any CPU
		{B5F0964A-0618-4D7E-B498-F2940D8C195C}.Debug|x86.Build.0 = Debug|Any CPU
		{B5F0964A-0618-4D7E-B498-F2940D8C195C}.Debug|x86.Deploy.0 = Debug|Any CPU
		{B5F0964A-0618-4D7E-B498-F2940D8C195C}.Release|Any CPU.ActiveCfg = Release|Any CPU
		{B5F0964A-0618-4D7E-B498-F2940D8C195C}.Release|Any CPU.Build.0 = Release|Any CPU
		{B5F0964A-0618-4D7E-B498-F2940D8C195C}.Release|Any CPU.Deploy.0 = Release|Any CPU
		{B5F0964A-0618-4D7E-B498-F2940D8C195C}.Release|ARM.ActiveCfg = Release|Any CPU
		{B5F0964A-0618-4D7E-B498-F2940D8C195C}.Release|ARM.Build.0 = Release|Any CPU
		{B5F0964A-0618-4D7E-B498-F2940D8C195C}.Release|ARM.Deploy.0 = Release|Any CPU
		{B5F0964A-0618-4D7E-B498-F2940D8C195C}.Release|iPhone.ActiveCfg = Release|Any CPU
		{B5F0964A-0618-4D7E-B498-F2940D8C195C}.Release|iPhone.Build.0 = Release|Any CPU
		{B5F0964A-0618-4D7E-B498-F2940D8C195C}.Release|iPhone.Deploy.0 = Release|Any CPU
		{B5F0964A-0618-4D7E-B498-F2940D8C195C}.Release|iPhoneSimulator.ActiveCfg = Release|Any CPU
		{B5F0964A-0618-4D7E-B498-F2940D8C195C}.Release|iPhoneSimulator.Build.0 = Release|Any CPU
		{B5F0964A-0618-4D7E-B498-F2940D8C195C}.Release|iPhoneSimulator.Deploy.0 = Release|Any CPU
		{B5F0964A-0618-4D7E-B498-F2940D8C195C}.Release|x64.ActiveCfg = Release|Any CPU
		{B5F0964A-0618-4D7E-B498-F2940D8C195C}.Release|x64.Build.0 = Release|Any CPU
		{B5F0964A-0618-4D7E-B498-F2940D8C195C}.Release|x64.Deploy.0 = Release|Any CPU
		{B5F0964A-0618-4D7E-B498-F2940D8C195C}.Release|x86.ActiveCfg = Release|Any CPU
		{B5F0964A-0618-4D7E-B498-F2940D8C195C}.Release|x86.Build.0 = Release|Any CPU
		{B5F0964A-0618-4D7E-B498-F2940D8C195C}.Release|x86.Deploy.0 = Release|Any CPU
		{95BB91B8-50CC-4E17-A219-B9E79E7F2737}.Debug|Any CPU.ActiveCfg = Debug|iPhoneSimulator
		{95BB91B8-50CC-4E17-A219-B9E79E7F2737}.Debug|Any CPU.Build.0 = Debug|iPhoneSimulator
		{95BB91B8-50CC-4E17-A219-B9E79E7F2737}.Debug|Any CPU.Deploy.0 = Debug|iPhoneSimulator
		{95BB91B8-50CC-4E17-A219-B9E79E7F2737}.Debug|ARM.ActiveCfg = Debug|iPhoneSimulator
		{95BB91B8-50CC-4E17-A219-B9E79E7F2737}.Debug|ARM.Build.0 = Debug|iPhoneSimulator
		{95BB91B8-50CC-4E17-A219-B9E79E7F2737}.Debug|ARM.Deploy.0 = Debug|iPhoneSimulator
		{95BB91B8-50CC-4E17-A219-B9E79E7F2737}.Debug|iPhone.ActiveCfg = Debug|iPhone
		{95BB91B8-50CC-4E17-A219-B9E79E7F2737}.Debug|iPhone.Build.0 = Debug|iPhone
		{95BB91B8-50CC-4E17-A219-B9E79E7F2737}.Debug|iPhone.Deploy.0 = Debug|iPhone
		{95BB91B8-50CC-4E17-A219-B9E79E7F2737}.Debug|iPhoneSimulator.ActiveCfg = Debug|iPhoneSimulator
		{95BB91B8-50CC-4E17-A219-B9E79E7F2737}.Debug|iPhoneSimulator.Build.0 = Debug|iPhoneSimulator
		{95BB91B8-50CC-4E17-A219-B9E79E7F2737}.Debug|iPhoneSimulator.Deploy.0 = Debug|iPhoneSimulator
		{95BB91B8-50CC-4E17-A219-B9E79E7F2737}.Debug|x64.ActiveCfg = Debug|iPhone
		{95BB91B8-50CC-4E17-A219-B9E79E7F2737}.Debug|x64.Build.0 = Debug|iPhone
		{95BB91B8-50CC-4E17-A219-B9E79E7F2737}.Debug|x64.Deploy.0 = Debug|iPhone
		{95BB91B8-50CC-4E17-A219-B9E79E7F2737}.Debug|x86.ActiveCfg = Debug|iPhoneSimulator
		{95BB91B8-50CC-4E17-A219-B9E79E7F2737}.Debug|x86.Build.0 = Debug|iPhoneSimulator
		{95BB91B8-50CC-4E17-A219-B9E79E7F2737}.Debug|x86.Deploy.0 = Debug|iPhoneSimulator
		{95BB91B8-50CC-4E17-A219-B9E79E7F2737}.Release|Any CPU.ActiveCfg = Release|iPhoneSimulator
		{95BB91B8-50CC-4E17-A219-B9E79E7F2737}.Release|Any CPU.Build.0 = Release|iPhoneSimulator
		{95BB91B8-50CC-4E17-A219-B9E79E7F2737}.Release|Any CPU.Deploy.0 = Release|iPhoneSimulator
		{95BB91B8-50CC-4E17-A219-B9E79E7F2737}.Release|ARM.ActiveCfg = Release|iPhoneSimulator
		{95BB91B8-50CC-4E17-A219-B9E79E7F2737}.Release|ARM.Build.0 = Release|iPhoneSimulator
		{95BB91B8-50CC-4E17-A219-B9E79E7F2737}.Release|ARM.Deploy.0 = Release|iPhoneSimulator
		{95BB91B8-50CC-4E17-A219-B9E79E7F2737}.Release|iPhone.ActiveCfg = Release|iPhone
		{95BB91B8-50CC-4E17-A219-B9E79E7F2737}.Release|iPhone.Build.0 = Release|iPhone
		{95BB91B8-50CC-4E17-A219-B9E79E7F2737}.Release|iPhone.Deploy.0 = Release|iPhone
		{95BB91B8-50CC-4E17-A219-B9E79E7F2737}.Release|iPhoneSimulator.ActiveCfg = Release|iPhoneSimulator
		{95BB91B8-50CC-4E17-A219-B9E79E7F2737}.Release|iPhoneSimulator.Build.0 = Release|iPhoneSimulator
		{95BB91B8-50CC-4E17-A219-B9E79E7F2737}.Release|iPhoneSimulator.Deploy.0 = Release|iPhoneSimulator
		{95BB91B8-50CC-4E17-A219-B9E79E7F2737}.Release|x64.ActiveCfg = Release|iPhoneSimulator
		{95BB91B8-50CC-4E17-A219-B9E79E7F2737}.Release|x64.Build.0 = Release|iPhoneSimulator
		{95BB91B8-50CC-4E17-A219-B9E79E7F2737}.Release|x64.Deploy.0 = Release|iPhoneSimulator
		{95BB91B8-50CC-4E17-A219-B9E79E7F2737}.Release|x86.ActiveCfg = Release|iPhoneSimulator
		{95BB91B8-50CC-4E17-A219-B9E79E7F2737}.Release|x86.Build.0 = Release|iPhoneSimulator
		{95BB91B8-50CC-4E17-A219-B9E79E7F2737}.Release|x86.Deploy.0 = Release|iPhoneSimulator
		{B3EDF355-8BBE-4D4C-AF3B-6F09D60865DE}.Debug|Any CPU.ActiveCfg = Debug|Any CPU
		{B3EDF355-8BBE-4D4C-AF3B-6F09D60865DE}.Debug|Any CPU.Build.0 = Debug|Any CPU
		{B3EDF355-8BBE-4D4C-AF3B-6F09D60865DE}.Debug|Any CPU.Deploy.0 = Debug|Any CPU
		{B3EDF355-8BBE-4D4C-AF3B-6F09D60865DE}.Debug|ARM.ActiveCfg = Debug|Any CPU
		{B3EDF355-8BBE-4D4C-AF3B-6F09D60865DE}.Debug|ARM.Build.0 = Debug|Any CPU
		{B3EDF355-8BBE-4D4C-AF3B-6F09D60865DE}.Debug|ARM.Deploy.0 = Debug|Any CPU
		{B3EDF355-8BBE-4D4C-AF3B-6F09D60865DE}.Debug|iPhone.ActiveCfg = Debug|Any CPU
		{B3EDF355-8BBE-4D4C-AF3B-6F09D60865DE}.Debug|iPhone.Build.0 = Debug|Any CPU
		{B3EDF355-8BBE-4D4C-AF3B-6F09D60865DE}.Debug|iPhone.Deploy.0 = Debug|Any CPU
		{B3EDF355-8BBE-4D4C-AF3B-6F09D60865DE}.Debug|iPhoneSimulator.ActiveCfg = Debug|Any CPU
		{B3EDF355-8BBE-4D4C-AF3B-6F09D60865DE}.Debug|iPhoneSimulator.Build.0 = Debug|Any CPU
		{B3EDF355-8BBE-4D4C-AF3B-6F09D60865DE}.Debug|iPhoneSimulator.Deploy.0 = Debug|Any CPU
		{B3EDF355-8BBE-4D4C-AF3B-6F09D60865DE}.Debug|x64.ActiveCfg = Debug|Any CPU
		{B3EDF355-8BBE-4D4C-AF3B-6F09D60865DE}.Debug|x64.Build.0 = Debug|Any CPU
		{B3EDF355-8BBE-4D4C-AF3B-6F09D60865DE}.Debug|x64.Deploy.0 = Debug|Any CPU
		{B3EDF355-8BBE-4D4C-AF3B-6F09D60865DE}.Debug|x86.ActiveCfg = Debug|Any CPU
		{B3EDF355-8BBE-4D4C-AF3B-6F09D60865DE}.Debug|x86.Build.0 = Debug|Any CPU
		{B3EDF355-8BBE-4D4C-AF3B-6F09D60865DE}.Debug|x86.Deploy.0 = Debug|Any CPU
		{B3EDF355-8BBE-4D4C-AF3B-6F09D60865DE}.Release|Any CPU.ActiveCfg = Release|Any CPU
		{B3EDF355-8BBE-4D4C-AF3B-6F09D60865DE}.Release|Any CPU.Build.0 = Release|Any CPU
		{B3EDF355-8BBE-4D4C-AF3B-6F09D60865DE}.Release|Any CPU.Deploy.0 = Release|Any CPU
		{B3EDF355-8BBE-4D4C-AF3B-6F09D60865DE}.Release|ARM.ActiveCfg = Release|Any CPU
		{B3EDF355-8BBE-4D4C-AF3B-6F09D60865DE}.Release|ARM.Build.0 = Release|Any CPU
		{B3EDF355-8BBE-4D4C-AF3B-6F09D60865DE}.Release|ARM.Deploy.0 = Release|Any CPU
		{B3EDF355-8BBE-4D4C-AF3B-6F09D60865DE}.Release|iPhone.ActiveCfg = Release|Any CPU
		{B3EDF355-8BBE-4D4C-AF3B-6F09D60865DE}.Release|iPhone.Build.0 = Release|Any CPU
		{B3EDF355-8BBE-4D4C-AF3B-6F09D60865DE}.Release|iPhone.Deploy.0 = Release|Any CPU
		{B3EDF355-8BBE-4D4C-AF3B-6F09D60865DE}.Release|iPhoneSimulator.ActiveCfg = Release|Any CPU
		{B3EDF355-8BBE-4D4C-AF3B-6F09D60865DE}.Release|iPhoneSimulator.Build.0 = Release|Any CPU
		{B3EDF355-8BBE-4D4C-AF3B-6F09D60865DE}.Release|iPhoneSimulator.Deploy.0 = Release|Any CPU
		{B3EDF355-8BBE-4D4C-AF3B-6F09D60865DE}.Release|x64.ActiveCfg = Release|Any CPU
		{B3EDF355-8BBE-4D4C-AF3B-6F09D60865DE}.Release|x64.Build.0 = Release|Any CPU
		{B3EDF355-8BBE-4D4C-AF3B-6F09D60865DE}.Release|x64.Deploy.0 = Release|Any CPU
		{B3EDF355-8BBE-4D4C-AF3B-6F09D60865DE}.Release|x86.ActiveCfg = Release|Any CPU
		{B3EDF355-8BBE-4D4C-AF3B-6F09D60865DE}.Release|x86.Build.0 = Release|Any CPU
		{B3EDF355-8BBE-4D4C-AF3B-6F09D60865DE}.Release|x86.Deploy.0 = Release|Any CPU
	EndGlobalSection
	GlobalSection(SolutionProperties) = preSolution
		HideSolutionNode = FALSE
	EndGlobalSection
	GlobalSection(ExtensibilityGlobals) = postSolution
		SolutionGuid = {FB4A468F-3596-4325-9094-AA87B78E82DA}
	EndGlobalSection
EndGlobal
